
Microsoft Visual Studio Solution File, Format Version 12.00
# Visual Studio 15
VisualStudioVersion = 15.0.27130.2036
MinimumVisualStudioVersion = 10.0.40219.1
Project("{FAE04EC0-301F-11D3-BF4B-00C04F79EFBC}") = "TestProject4", "TestProject4\TestProject4.csproj", "{500072D3-CF49-417C-AB7D-7F796A8E6762}"
EndProject
Global
	GlobalSection(SolutionConfigurationPlatforms) = preSolution
		Debug|Any CPU = Debug|Any CPU
		Release|Any CPU = Release|Any CPU
	EndGlobalSection
	GlobalSection(ProjectConfigurationPlatforms) = postSolution
		{500072D3-CF49-417C-AB7D-7F796A8E6762}.Debug|Any CPU.ActiveCfg = Debug|Any CPU
		{500072D3-CF49-417C-AB7D-7F796A8E6762}.Debug|Any CPU.Build.0 = Debug|Any CPU
		{500072D3-CF49-417C-AB7D-7F796A8E6762}.Release|Any CPU.ActiveCfg = Release|Any CPU
		{500072D3-CF49-417C-AB7D-7F796A8E6762}.Release|Any CPU.Build.0 = Release|Any CPU
	EndGlobalSection
	GlobalSection(SolutionProperties) = preSolution
		HideSolutionNode = FALSE
	EndGlobalSection
	GlobalSection(ExtensibilityGlobals) = postSolution
		SolutionGuid = {E25A5F6A-525A-41CE-9802-1B76DF1C3C34}
	EndGlobalSection
EndGlobal
