
Microsoft Visual Studio Solution File, Format Version 12.00
# Visual Studio 15
VisualStudioVersion = 15.0.27130.2036
MinimumVisualStudioVersion = 10.0.40219.1
Project("{FAE04EC0-301F-11D3-BF4B-00C04F79EFBC}") = "TestProject6", "TestProject6\TestProject6.csproj", "{09AF7024-1825-41B5-95BE-AB5E9D5D442B}"
EndProject
Project("{FAE04EC0-301F-11D3-BF4B-00C04F79EFBC}") = "SendTestJWT", "SendTestJWT\SendTestJWT.csproj", "{5E8C6721-1B39-4D57-8B6F-0AC049732A8B}"
EndProject
Global
	GlobalSection(SolutionConfigurationPlatforms) = preSolution
		Debug|Any CPU = Debug|Any CPU
		Release|Any CPU = Release|Any CPU
	EndGlobalSection
	GlobalSection(ProjectConfigurationPlatforms) = postSolution
		{09AF7024-1825-41B5-95BE-AB5E9D5D442B}.Debug|Any CPU.ActiveCfg = Debug|Any CPU
		{09AF7024-1825-41B5-95BE-AB5E9D5D442B}.Debug|Any CPU.Build.0 = Debug|Any CPU
		{09AF7024-1825-41B5-95BE-AB5E9D5D442B}.Release|Any CPU.ActiveCfg = Release|Any CPU
		{09AF7024-1825-41B5-95BE-AB5E9D5D442B}.Release|Any CPU.Build.0 = Release|Any CPU
		{5E8C6721-1B39-4D57-8B6F-0AC049732A8B}.Debug|Any CPU.ActiveCfg = Debug|Any CPU
		{5E8C6721-1B39-4D57-8B6F-0AC049732A8B}.Debug|Any CPU.Build.0 = Debug|Any CPU
		{5E8C6721-1B39-4D57-8B6F-0AC049732A8B}.Release|Any CPU.ActiveCfg = Release|Any CPU
		{5E8C6721-1B39-4D57-8B6F-0AC049732A8B}.Release|Any CPU.Build.0 = Release|Any CPU
	EndGlobalSection
	GlobalSection(SolutionProperties) = preSolution
		HideSolutionNode = FALSE
	EndGlobalSection
	GlobalSection(ExtensibilityGlobals) = postSolution
		SolutionGuid = {FCAB88D2-F9D6-4B58-B333-5F0CEB80E0B5}
	EndGlobalSection
EndGlobal
